{
  "version": 4,
  "terraform_version": "1.14.9",
  "serial": 28,
  "lineage": "3dda54fa-08d7-641c-2bd8-bd876aa4d0e7",
  "outputs": {
    "argocd_app_name": {
      "value": "billing-api",
      "type": "string"
    },
    "ecr_repository_name": {
      "value": "zayo-poc/billing-api",
      "type": "string"
    },
    "ecr_repository_url": {
      "value": "501149494381.dkr.ecr.us-east-1.amazonaws.com/zayo-poc/billing-api",
      "type": "string"
    },
    "gitlab_repo_url": {
      "value": "https://gitlab.com/zayo-group/devops/idp-platform/billing-api",
      "type": "string"
    },
    "namespace": {
      "value": "billing-api",
      "type": "string"
    },
    "service_account": {
      "value": "billing-api",
      "type": "string"
    }
  },
  "resources": [
    {
      "mode": "data",
      "type": "aws_eks_cluster",
      "name": "cluster",
      "provider": "provider[\"registry.terraform.io/hashicorp/aws\"]",
      "instances": [
        {
          "schema_version": 0,
          "attributes": {
            "access_config": [
              {
                "authentication_mode": "API",
                "bootstrap_cluster_creator_admin_permissions": true
              }
            ],
            "arn": "arn:aws:eks:us-east-1:501149494381:cluster/eks-test-cluster",
            "certificate_authority": [
              {
                "data": "LS0tLS1CRUdJTiBDRVJUSUZJQ0FURS0tLS0tCk1JSURCVENDQWUyZ0F3SUJBZ0lJWnA0bERGZWFwa2N3RFFZSktvWklodmNOQVFFTEJRQXdGVEVUTUJFR0ExVUUKQXhNS2EzVmlaWEp1WlhSbGN6QWVGdzB5TlRFeE1Ua3dOVEF6TURKYUZ3MHpOVEV4TVRjd05UQTRNREphTUJVeApFekFSQmdOVkJBTVRDbXQxWW1WeWJtVjBaWE13Z2dFaU1BMEdDU3FHU0liM0RRRUJBUVVBQTRJQkR3QXdnZ0VLCkFvSUJBUURRQ3QxTllnOEkrMk4yWSsyRmxiZUIrNGx1RVZoOVFwWUd2ZE53WnBvR3JVY1FwTk0vWnNHYkVVSDkKTXBESWZDRFZCOGZnVEFDTUJSYUZPeU0wdnd5ZWMyT1NqU3N1b05LRi9nT3R2UWNteUdFZUVQWlBGeTdQazUxTAplU0RwL3llSnV4TkxsUFVRb0lOdThhYkJUcTRIQmFvS1BCTjF6OXF5aXNlNlFYcmpFSWRWT2xVS2QyUVYzSU44CnBCQzRYZW4rbWVFT2FwK09Wam1nb3preUhHWEZ3UmJiOEwxMER4TnJ1R3R6bnRYbGkzenN3ZkZpQ2ZNRW9IRXQKRTJpQklscjlGb2ZMU25NUzZLU1pGOGl2V3hZU2pWRzBQOUVTWGoxQnNHQjJkYnNnT0R5YXVaNWhRMndTNlRvSgozUmpab2RjbnNjeExFdTRoWnRWUndxU3hmZDdoQWdNQkFBR2pXVEJYTUE0R0ExVWREd0VCL3dRRUF3SUNwREFQCkJnTlZIUk1CQWY4RUJUQURBUUgvTUIwR0ExVWREZ1FXQkJTSmZEZXVVR3E5VkNWNXpGVEZ5WlpnaENrdGd6QVYKQmdOVkhSRUVEakFNZ2dwcmRXSmxjbTVsZEdWek1BMEdDU3FHU0liM0RRRUJDd1VBQTRJQkFRQmpzdjVOTjBtRQoyWlRoeER0MUNtTEtIQnR4ejJpOWNkNW9TV09WZEh3V1YrOGtPcVcwNWU4azlnbXZvaEgvYkVsUnJqQzFKT2xvCnBaa0dtMCt6MDNleWpjeTE1NFdsMktFSnczb0VYdSt6aGxYTHRNd1VWVUNSZ3luMXRWSkY4L1JEbm9PWHBzRFoKL1kzUmVnbFJoT2dCNVF5ODI0Mmp3RUR6UVBGbFZaelBUU1BGdFhCcWJJdS9tQTIwWHVlR29oVzlTRVM1TWJLVQpHZWZzMG13ckNWazgwU2NhTHZsNC9jQkVsNXFtRy80bVhsOWFVaWpqdWZ5V25BU0cybm1HYm1zMHlJMGcycVhMCnVqVlBGcit3SEJnVEdNRDFuazhoNUtsY0FNSWFEejlOOTU4ZDZ1TU94UW1kV0lOck84czZBTDVpVFVjMTd6bkgKWDU1WGxpNDlpN0JoCi0tLS0tRU5EIENFUlRJRklDQVRFLS0tLS0K"
              }
            ],
            "cluster_id": null,
            "compute_config": [
              {
                "enabled": true,
                "node_pools": [
                  "general-purpose",
                  "system"
                ],
                "node_role_arn": "arn:aws:iam::501149494381:role/AmazonEKSAutoNodeRole"
              }
            ],
            "created_at": "2025-11-19T05:02:09Z",
            "enabled_cluster_log_types": [
              "api",
              "audit",
              "authenticator",
              "controllerManager",
              "scheduler"
            ],
            "endpoint": "https://4A411B8944570567C33E2C1C9AEB4F3B.gr7.us-east-1.eks.amazonaws.com",
            "id": "eks-test-cluster",
            "identity": [
              {
                "oidc": [
                  {
                    "issuer": "https://oidc.eks.us-east-1.amazonaws.com/id/4A411B8944570567C33E2C1C9AEB4F3B"
                  }
                ]
              }
            ],
            "kubernetes_network_config": [
              {
                "elastic_load_balancing": [
                  {
                    "enabled": true
                  }
                ],
                "ip_family": "ipv4",
                "service_ipv4_cidr": "172.20.0.0/16",
                "service_ipv6_cidr": ""
              }
            ],
            "name": "eks-test-cluster",
            "outpost_config": [],
            "platform_version": "eks.20",
            "remote_network_config": [],
            "role_arn": "arn:aws:iam::501149494381:role/AmazonEKSAutoClusterRole",
            "status": "ACTIVE",
            "storage_config": [
              {
                "block_storage": [
                  {
                    "enabled": true
                  }
                ]
              }
            ],
            "tags": {
              "APM_ID": "TBD",
              "Application": "idp",
              "Environment": "Dev",
              "Owner": "Jeffry.michael@zayo.com"
            },
            "upgrade_policy": [
              {
                "support_type": "STANDARD"
              }
            ],
            "version": "1.34",
            "vpc_config": [
              {
                "cluster_security_group_id": "sg-0eaa35b56943cdfef",
                "endpoint_private_access": true,
                "endpoint_public_access": true,
                "public_access_cidrs": [
                  "0.0.0.0/0"
                ],
                "security_group_ids": [],
                "subnet_ids": [
                  "subnet-0ce39a840e2112388",
                  "subnet-0d32dc7e459c7937d"
                ],
                "vpc_id": "vpc-097bcb3cdca0e4910"
              }
            ],
            "zonal_shift_config": [
              {
                "enabled": true
              }
            ]
          },
          "sensitive_attributes": [],
          "identity_schema_version": 0
        }
      ]
    },
    {
      "mode": "data",
      "type": "aws_eks_cluster_auth",
      "name": "cluster",
      "provider": "provider[\"registry.terraform.io/hashicorp/aws\"]",
      "instances": [
        {
          "schema_version": 0,
          "attributes": {
            "id": "eks-test-cluster",
            "name": "eks-test-cluster",
            "token": "k8s-aws-v1.aHR0cHM6Ly9zdHMudXMtZWFzdC0xLmFtYXpvbmF3cy5jb20vP0FjdGlvbj1HZXRDYWxsZXJJZGVudGl0eSZWZXJzaW9uPTIwMTEtMDYtMTUmWC1BbXotQWxnb3JpdGhtPUFXUzQtSE1BQy1TSEEyNTYmWC1BbXotQ3JlZGVudGlhbD1BU0lBWEpMV1dOUldYRkJQUVRFRyUyRjIwMjYwNTA5JTJGdXMtZWFzdC0xJTJGc3RzJTJGYXdzNF9yZXF1ZXN0JlgtQW16LURhdGU9MjAyNjA1MDlUMjMxNjExWiZYLUFtei1FeHBpcmVzPTAmWC1BbXotU2VjdXJpdHktVG9rZW49SVFvSmIzSnBaMmx1WDJWakVDY2FDWFZ6TFdWaGMzUXRNU0pHTUVRQ0lCVk11MmFoZCUyRkE0UjdQaDglMkJ0Y1VJZ3l2WGJPeXZLUDZGVmZ5Wkh3Z0RnY0FpQk9kUGhMMEwxViUyRk5SJTJCQlRaNHklMkZHWHF5Y0w3OFklMkJrdWhkYWw4c0NuZlJ6U3FkQXdqdyUyRiUyRiUyRiUyRiUyRiUyRiUyRiUyRiUyRiUyRjhCRUFBYUREVXdNVEUwT1RRNU5ETTRNU0lNY0V3WkFsZHVxcWpvVzI1Zkt2RUN2eE81VlBQNWIyJTJGZk50ZzdZYW13bWthMDA2Tkl1YWxJTmsyZGhoUVBXMWglMkJDbnNUUFBzdFFvV0JTcUtTcXBsUlREUW5qbFRibXdnc3ZyeUVTQlRVaDZrbGclMkJ4MUFYVjE5SWJ2am5lOFg3eFVSd1JjMDlIUVBpaGhLMHZ5dEp4ZzdhSGZkT0JRZzlwaTdibEFPNGs0UHFCN0FZRm53MkFCOEUwTTBjTk9RV1BCc0x2WmVya0lPdDVzbWczb2pueG1yU2xoViUyRmZUZDl6VGVSdE14SjVRUDFoYjVBQiUyQlRqS0tjUEw3Q0V2N1BCeHBDcUJmZkhZZU5ZZlNYajEyJTJGSFU5U3ZKdUt2allKbjN2VXFVa2klMkZOWkEzJTJGM0hGUWI5Rm1VbHZNNlZPOXFtaDBSOTVzYUZqM3FnNmxiWE56Um54dDFMJTJCd3BoSCUyRnJycW0yZVFCeDdJQlpTZDJTTDlnTGZuSEFjcUM1QmdORGVYeEUyRUlyNnJvMlVxMCUyQnp2WHhldkdPTFVGTDNKOEVhMVo1c0lJclRsa1RVOEF1RDRhNU5ZSEVrUDNsVjVsbSUyRjF1TEdmSjdraFUya3FaTEFSZXVqODF6b1RWUFRldVpOdWdJNXdaWVhqNE5sWXlVbFdxZlNJdkwlMkZLZlRVZG5EZjhDOU1LdnQlMkZzOEdPcVVCSDNLTGQzZXBLQlBLdjNlSGxrSVp6aTQ3ck5iOWZOZUZQbWFXS0pNOEpVQkppWlB4QUhYNE5wR1klMkJsaXVNcFZHcUhialBjTVd1cnUlMkZJMHppWEtkWlhuRWx2Q2dFRzE0cDl1MjMxaWdtaHM4OWh6JTJGU3VHWDlTZmdiUm94Z0MxM3NCTCUyQiUyRjlJMUhPRnclMkYwSFFqTUJjeEVsRmtxZ0hZZWZFS2VvbTV6YnQlMkZJMW12UmVkUHBWWnVXb044bmU5M3g5Q0JQUlVoOTkxSUdNWDFTSXo3ekE0NjJRbzByMWNtJlgtQW16LVNpZ25lZEhlYWRlcnM9aG9zdCUzQngtazhzLWF3cy1pZCZYLUFtei1TaWduYXR1cmU9OTY0MDc3M2YyZjA1ODg3MzM4MDhhMTZiNTJkZjNkOWEwMWExY2E5Y2Y4ZTNiNzc3NzE0MjQxZTQzZDZlM2MwMA"
          },
          "sensitive_attributes": [
            [
              {
                "type": "get_attr",
                "value": "token"
              }
            ]
          ],
          "identity_schema_version": 0
        }
      ]
    },
    {
      "mode": "managed",
      "type": "aws_ecr_lifecycle_policy",
      "name": "service",
      "provider": "provider[\"registry.terraform.io/hashicorp/aws\"]",
      "instances": [
        {
          "schema_version": 0,
          "attributes": {
            "id": "zayo-poc/billing-api",
            "policy": "{\"rules\":[{\"action\":{\"type\":\"expire\"},\"description\":\"Keep last 20 images\",\"rulePriority\":1,\"selection\":{\"countNumber\":20,\"countType\":\"imageCountMoreThan\",\"tagStatus\":\"any\"}}]}",
            "registry_id": "501149494381",
            "repository": "zayo-poc/billing-api"
          },
          "sensitive_attributes": [],
          "identity_schema_version": 0,
          "private": "bnVsbA==",
          "dependencies": [
            "aws_ecr_repository.service"
          ]
        }
      ]
    },
    {
      "mode": "managed",
      "type": "aws_ecr_repository",
      "name": "service",
      "provider": "provider[\"registry.terraform.io/hashicorp/aws\"]",
      "instances": [
        {
          "schema_version": 0,
          "attributes": {
            "arn": "arn:aws:ecr:us-east-1:501149494381:repository/zayo-poc/billing-api",
            "encryption_configuration": [
              {
                "encryption_type": "AES256",
                "kms_key": ""
              }
            ],
            "force_delete": null,
            "id": "zayo-poc/billing-api",
            "image_scanning_configuration": [
              {
                "scan_on_push": true
              }
            ],
            "image_tag_mutability": "MUTABLE",
            "name": "zayo-poc/billing-api",
            "registry_id": "501149494381",
            "repository_url": "501149494381.dkr.ecr.us-east-1.amazonaws.com/zayo-poc/billing-api",
            "tags": {
              "CreatedBy": "zayo-idp-scaffolder",
              "Environment": "dev",
              "ManagedBy": "terraform",
              "Owner": "finance-engineering",
              "Service": "billing-api"
            },
            "tags_all": {
              "CreatedBy": "zayo-idp-scaffolder",
              "Environment": "dev",
              "ManagedBy": "terraform",
              "Owner": "finance-engineering",
              "Service": "billing-api"
            },
            "timeouts": null
          },
          "sensitive_attributes": [],
          "identity_schema_version": 0,
          "private": "eyJlMmJmYjczMC1lY2FhLTExZTYtOGY4OC0zNDM2M2JjN2M0YzAiOnsiZGVsZXRlIjoxMjAwMDAwMDAwMDAwfX0="
        }
      ]
    },
    {
      "mode": "managed",
      "type": "kubernetes_namespace",
      "name": "service",
      "provider": "provider[\"registry.terraform.io/hashicorp/kubernetes\"]",
      "instances": [
        {
          "schema_version": 0,
          "attributes": {
            "id": "billing-api",
            "metadata": [
              {
                "annotations": {
                  "zayo.com/description": "Billing microservice",
                  "zayo.com/owner-team": "finance-engineering",
                  "zayo.com/service": "billing-api"
                },
                "generate_name": "",
                "generation": 0,
                "labels": {
                  "app.kubernetes.io/managed-by": "terraform",
                  "app.kubernetes.io/name": "billing-api",
                  "zayo.com/environment": "dev",
                  "zayo.com/owner": "finance-engineering"
                },
                "name": "billing-api",
                "resource_version": "78757595",
                "uid": "945b49d2-96d7-402a-868a-1943f3a20bbb"
              }
            ],
            "timeouts": null,
            "wait_for_default_service_account": false
          },
          "sensitive_attributes": [],
          "identity_schema_version": 1,
          "identity": {
            "api_version": "v1",
            "kind": "Namespace",
            "name": "billing-api"
          },
          "private": "eyJlMmJmYjczMC1lY2FhLTExZTYtOGY4OC0zNDM2M2JjN2M0YzAiOnsiZGVsZXRlIjozMDAwMDAwMDAwMDB9fQ==",
          "dependencies": [
            "data.aws_eks_cluster.cluster"
          ]
        }
      ]
    },
    {
      "mode": "managed",
      "type": "kubernetes_secret",
      "name": "ecr_pull",
      "provider": "provider[\"registry.terraform.io/hashicorp/kubernetes\"]",
      "instances": [
        {
          "schema_version": 0,
          "attributes": {
            "binary_data": null,
            "binary_data_wo": null,
            "binary_data_wo_revision": null,
            "data": {
              ".dockerconfigjson": "{\"auths\":{\"501149494381.dkr.ecr.us-east-1.amazonaws.com\":{\"auth\":\"QVdTOnBsYWNlaG9sZGVy\"}}}"
            },
            "data_wo": null,
            "data_wo_revision": null,
            "id": "billing-api/ecr-pull-secret",
            "immutable": false,
            "metadata": [
              {
                "annotations": {},
                "generate_name": "",
                "generation": 0,
                "labels": {},
                "name": "ecr-pull-secret",
                "namespace": "billing-api",
                "resource_version": "78757605",
                "uid": "d0b2b2cc-9653-49ce-9460-ba4142d3d17b"
              }
            ],
            "timeouts": null,
            "type": "kubernetes.io/dockerconfigjson",
            "wait_for_service_account_token": true
          },
          "sensitive_attributes": [
            [
              {
                "type": "get_attr",
                "value": "binary_data"
              }
            ],
            [
              {
                "type": "get_attr",
                "value": "data"
              }
            ]
          ],
          "identity_schema_version": 1,
          "identity": {
            "api_version": "v1",
            "kind": "Secret",
            "name": "ecr-pull-secret",
            "namespace": "billing-api"
          },
          "private": "eyJlMmJmYjczMC1lY2FhLTExZTYtOGY4OC0zNDM2M2JjN2M0YzAiOnsiY3JlYXRlIjo2MDAwMDAwMDAwMH19",
          "dependencies": [
            "data.aws_eks_cluster.cluster",
            "kubernetes_namespace.service"
          ]
        }
      ]
    },
    {
      "mode": "managed",
      "type": "kubernetes_service_account",
      "name": "service",
      "provider": "provider[\"registry.terraform.io/hashicorp/kubernetes\"]",
      "instances": [
        {
          "schema_version": 0,
          "attributes": {
            "automount_service_account_token": true,
            "default_secret_name": "",
            "id": "billing-api/billing-api",
            "image_pull_secret": [],
            "metadata": [
              {
                "annotations": {},
                "generate_name": "",
                "generation": 0,
                "labels": {
                  "app.kubernetes.io/name": "billing-api"
                },
                "name": "billing-api",
                "namespace": "billing-api",
                "resource_version": "78757604",
                "uid": "70e8938c-b3ae-4b56-a15a-e1b487c60c50"
              }
            ],
            "secret": [],
            "timeouts": null
          },
          "sensitive_attributes": [],
          "identity_schema_version": 1,
          "identity": {
            "api_version": "v1",
            "kind": "ServiceAccount",
            "name": "billing-api",
            "namespace": "billing-api"
          },
          "private": "eyJlMmJmYjczMC1lY2FhLTExZTYtOGY4OC0zNDM2M2JjN2M0YzAiOnsiY3JlYXRlIjozMDAwMDAwMDAwMH19",
          "dependencies": [
            "data.aws_eks_cluster.cluster",
            "kubernetes_namespace.service"
          ]
        }
      ]
    },
    {
      "mode": "managed",
      "type": "null_resource",
      "name": "argocd_app",
      "provider": "provider[\"registry.terraform.io/hashicorp/null\"]",
      "instances": [
        {
          "schema_version": 0,
          "attributes": {
            "id": "2131488667912830134",
            "triggers": {
              "owner_team": "finance-engineering",
              "service_name": "billing-api"
            }
          },
          "sensitive_attributes": [],
          "identity_schema_version": 0,
          "dependencies": [
            "data.aws_eks_cluster.cluster",
            "kubernetes_namespace.service"
          ]
        }
      ]
    }
  ],
  "check_results": [
    {
      "object_kind": "var",
      "config_addr": "var.environment",
      "status": "pass",
      "objects": [
        {
          "object_addr": "var.environment",
          "status": "pass"
        }
      ]
    },
    {
      "object_kind": "var",
      "config_addr": "var.service_name",
      "status": "pass",
      "objects": [
        {
          "object_addr": "var.service_name",
          "status": "pass"
        }
      ]
    }
  ]
}
