{
  "version": 4,
  "terraform_version": "1.14.9",
  "serial": 7,
  "lineage": "4630f783-7666-dac5-6046-548f36334d95",
  "outputs": {
    "argocd_app_name": {
      "value": "weather-api",
      "type": "string"
    },
    "ecr_repository_name": {
      "value": "zayo-poc/weather-api",
      "type": "string"
    },
    "ecr_repository_url": {
      "value": "501149494381.dkr.ecr.us-east-1.amazonaws.com/zayo-poc/weather-api",
      "type": "string"
    },
    "gitlab_repo_url": {
      "value": "https://gitlab.com/zayo-group/devops/idp-platform/weather-api",
      "type": "string"
    },
    "namespace": {
      "value": "weather-api",
      "type": "string"
    },
    "service_account": {
      "value": "weather-api",
      "type": "string"
    }
  },
  "resources": [
    {
      "mode": "data",
      "type": "aws_eks_cluster",
      "name": "cluster",
      "provider": "provider[\"registry.terraform.io/hashicorp/aws\"]",
      "instances": [
        {
          "schema_version": 0,
          "attributes": {
            "access_config": [
              {
                "authentication_mode": "API",
                "bootstrap_cluster_creator_admin_permissions": true
              }
            ],
            "arn": "arn:aws:eks:us-east-1:501149494381:cluster/eks-test-cluster",
            "certificate_authority": [
              {
                "data": "LS0tLS1CRUdJTiBDRVJUSUZJQ0FURS0tLS0tCk1JSURCVENDQWUyZ0F3SUJBZ0lJWnA0bERGZWFwa2N3RFFZSktvWklodmNOQVFFTEJRQXdGVEVUTUJFR0ExVUUKQXhNS2EzVmlaWEp1WlhSbGN6QWVGdzB5TlRFeE1Ua3dOVEF6TURKYUZ3MHpOVEV4TVRjd05UQTRNREphTUJVeApFekFSQmdOVkJBTVRDbXQxWW1WeWJtVjBaWE13Z2dFaU1BMEdDU3FHU0liM0RRRUJBUVVBQTRJQkR3QXdnZ0VLCkFvSUJBUURRQ3QxTllnOEkrMk4yWSsyRmxiZUIrNGx1RVZoOVFwWUd2ZE53WnBvR3JVY1FwTk0vWnNHYkVVSDkKTXBESWZDRFZCOGZnVEFDTUJSYUZPeU0wdnd5ZWMyT1NqU3N1b05LRi9nT3R2UWNteUdFZUVQWlBGeTdQazUxTAplU0RwL3llSnV4TkxsUFVRb0lOdThhYkJUcTRIQmFvS1BCTjF6OXF5aXNlNlFYcmpFSWRWT2xVS2QyUVYzSU44CnBCQzRYZW4rbWVFT2FwK09Wam1nb3preUhHWEZ3UmJiOEwxMER4TnJ1R3R6bnRYbGkzenN3ZkZpQ2ZNRW9IRXQKRTJpQklscjlGb2ZMU25NUzZLU1pGOGl2V3hZU2pWRzBQOUVTWGoxQnNHQjJkYnNnT0R5YXVaNWhRMndTNlRvSgozUmpab2RjbnNjeExFdTRoWnRWUndxU3hmZDdoQWdNQkFBR2pXVEJYTUE0R0ExVWREd0VCL3dRRUF3SUNwREFQCkJnTlZIUk1CQWY4RUJUQURBUUgvTUIwR0ExVWREZ1FXQkJTSmZEZXVVR3E5VkNWNXpGVEZ5WlpnaENrdGd6QVYKQmdOVkhSRUVEakFNZ2dwcmRXSmxjbTVsZEdWek1BMEdDU3FHU0liM0RRRUJDd1VBQTRJQkFRQmpzdjVOTjBtRQoyWlRoeER0MUNtTEtIQnR4ejJpOWNkNW9TV09WZEh3V1YrOGtPcVcwNWU4azlnbXZvaEgvYkVsUnJqQzFKT2xvCnBaa0dtMCt6MDNleWpjeTE1NFdsMktFSnczb0VYdSt6aGxYTHRNd1VWVUNSZ3luMXRWSkY4L1JEbm9PWHBzRFoKL1kzUmVnbFJoT2dCNVF5ODI0Mmp3RUR6UVBGbFZaelBUU1BGdFhCcWJJdS9tQTIwWHVlR29oVzlTRVM1TWJLVQpHZWZzMG13ckNWazgwU2NhTHZsNC9jQkVsNXFtRy80bVhsOWFVaWpqdWZ5V25BU0cybm1HYm1zMHlJMGcycVhMCnVqVlBGcit3SEJnVEdNRDFuazhoNUtsY0FNSWFEejlOOTU4ZDZ1TU94UW1kV0lOck84czZBTDVpVFVjMTd6bkgKWDU1WGxpNDlpN0JoCi0tLS0tRU5EIENFUlRJRklDQVRFLS0tLS0K"
              }
            ],
            "cluster_id": null,
            "compute_config": [
              {
                "enabled": true,
                "node_pools": [
                  "general-purpose",
                  "system"
                ],
                "node_role_arn": "arn:aws:iam::501149494381:role/AmazonEKSAutoNodeRole"
              }
            ],
            "created_at": "2025-11-19T05:02:09Z",
            "enabled_cluster_log_types": [
              "api",
              "audit",
              "authenticator",
              "controllerManager",
              "scheduler"
            ],
            "endpoint": "https://4A411B8944570567C33E2C1C9AEB4F3B.gr7.us-east-1.eks.amazonaws.com",
            "id": "eks-test-cluster",
            "identity": [
              {
                "oidc": [
                  {
                    "issuer": "https://oidc.eks.us-east-1.amazonaws.com/id/4A411B8944570567C33E2C1C9AEB4F3B"
                  }
                ]
              }
            ],
            "kubernetes_network_config": [
              {
                "elastic_load_balancing": [
                  {
                    "enabled": true
                  }
                ],
                "ip_family": "ipv4",
                "service_ipv4_cidr": "172.20.0.0/16",
                "service_ipv6_cidr": ""
              }
            ],
            "name": "eks-test-cluster",
            "outpost_config": [],
            "platform_version": "eks.20",
            "remote_network_config": [],
            "role_arn": "arn:aws:iam::501149494381:role/AmazonEKSAutoClusterRole",
            "status": "ACTIVE",
            "storage_config": [
              {
                "block_storage": [
                  {
                    "enabled": true
                  }
                ]
              }
            ],
            "tags": {
              "APM_ID": "TBD",
              "Application": "idp",
              "Environment": "Dev",
              "Owner": "Jeffry.michael@zayo.com"
            },
            "upgrade_policy": [
              {
                "support_type": "STANDARD"
              }
            ],
            "version": "1.34",
            "vpc_config": [
              {
                "cluster_security_group_id": "sg-0eaa35b56943cdfef",
                "endpoint_private_access": true,
                "endpoint_public_access": true,
                "public_access_cidrs": [
                  "0.0.0.0/0"
                ],
                "security_group_ids": [],
                "subnet_ids": [
                  "subnet-0ce39a840e2112388",
                  "subnet-0d32dc7e459c7937d"
                ],
                "vpc_id": "vpc-097bcb3cdca0e4910"
              }
            ],
            "zonal_shift_config": [
              {
                "enabled": true
              }
            ]
          },
          "sensitive_attributes": [],
          "identity_schema_version": 0
        }
      ]
    },
    {
      "mode": "data",
      "type": "aws_eks_cluster_auth",
      "name": "cluster",
      "provider": "provider[\"registry.terraform.io/hashicorp/aws\"]",
      "instances": [
        {
          "schema_version": 0,
          "attributes": {
            "id": "eks-test-cluster",
            "name": "eks-test-cluster",
            "token": "k8s-aws-v1.aHR0cHM6Ly9zdHMudXMtZWFzdC0xLmFtYXpvbmF3cy5jb20vP0FjdGlvbj1HZXRDYWxsZXJJZGVudGl0eSZWZXJzaW9uPTIwMTEtMDYtMTUmWC1BbXotQWxnb3JpdGhtPUFXUzQtSE1BQy1TSEEyNTYmWC1BbXotQ3JlZGVudGlhbD1BU0lBWEpMV1dOUldYUjdBNlBVWiUyRjIwMjYwNTEwJTJGdXMtZWFzdC0xJTJGc3RzJTJGYXdzNF9yZXF1ZXN0JlgtQW16LURhdGU9MjAyNjA1MTBUMDM0MjU4WiZYLUFtei1FeHBpcmVzPTAmWC1BbXotU2VjdXJpdHktVG9rZW49SVFvSmIzSnBaMmx1WDJWakVDc2FDWFZ6TFdWaGMzUXRNU0pITUVVQ0lCayUyRmxmJTJGMXlsOWtGdURXeGt2UjZaaXVmJTJGWlVicjJjRlNhS2tiejhsWWxpQWlFQXJDdjJqdWlGQiUyQml4SmhNeFAzemJXellCNkRLUmNVWkE4bWlqNG1NZWNYNHFuUU1JOVAlMkYlMkYlMkYlMkYlMkYlMkYlMkYlMkYlMkYlMkZBUkFBR2d3MU1ERXhORGswT1RRek9ERWlERkdXN0wyQXhieUF3Q0lQbUNyeEF0UEpKcnpzQ1NWOVhoNExOZTlUU0Q1bFpjbUJCb0dTTEZhWklXNGcxcTk0QlZybTdnNHNQY2hPbDhKNzJWQTZ1NnVVY1E1R1RVTW9IUEV0S3Fua1gyaWpoZTlSWmJjYmNxTlZTb1BHRVhqeDVVZnJINzNnVWxxVVBmVTMzQnRrZ0ZMZHg0NHRRVmVaS1F0eTRYSVhjRzVlMGhTR3pCdiUyQjRKc1NmUUJwRzBZUDM2bzEwZDdCc0tKaG1lb09vVElRNnZPbktyT3ZZenNwMnV4UWdRbmxMRGwlMkJ4NTh5S1JudHYxdk1VenNkSWJoVUZvSXZDbVAlMkJaWTNoeWhkdVowUGJhcG1qa1JqVXBPYk8xcWtFTDJJSVBGc0hHRTVnejMxd2Q1S3haWGI5ckVjZ0tPbVYwRTJQZFZxdXNPNldKbUklMkZndVV1ckRIJTJGbmFZWEdzNkFkbmNDRHlQdHlKNUlOOWVzYnhkbWZqN1ZaV0R5aGIyeGIlMkJFN1BKN2xUbDNPNE5jVlR4eFlnbnFNWUFHRTFNTzFYYzFhWDdpZzZVU0ZUeDVTaFpnOGJSdCUyQk9pTEh1ZHpUeEw3MU81NzM1N2ZZYUIlMkZweEZYTW1DcEpndFNKVnMxd1dVeDQxRkFDYkVsRW9kYUpPUzBnRzclMkJlN29sN1hURGgxJTJGJTJGUEJqcWtBVEdXaE0lMkJVV0hMTDg2d3lnNDYzdEFMVWZwaFhqYUZpQWhNbHBxTUpyYmhKUmFtaDd5UzNHWlhNaG5lOWQlMkI3QlVIRHJidUN2dTU1TjVvS2ZXZ1V0ZEZsYzh3elFWdGJMbG55a1MlMkZQcFpVazRtcHJxYXpkNWVFVWIxQ1Joc2RIRXlpMnlPTE5YSUM3RHBZSm96VTloaWoyaVN6OTEzc2RmUm02UHVxRTZnMEg1bEc1Z1RiSUhpdEdTSmNxZlgxTVloZCUyRmFUZ0JXVUdSd3V1ZVVoNjBqdHBiaUduYlUmWC1BbXotU2lnbmVkSGVhZGVycz1ob3N0JTNCeC1rOHMtYXdzLWlkJlgtQW16LVNpZ25hdHVyZT0wNjM0Y2NiMWZlODY4MjZlYTFlYTM3NmExMmY1MzFiNGQwOTY2NjFhNmFhNTM0ODQ5Yjc5Y2Q1NDM5MmQ0NDM3"
          },
          "sensitive_attributes": [
            [
              {
                "type": "get_attr",
                "value": "token"
              }
            ]
          ],
          "identity_schema_version": 0
        }
      ]
    },
    {
      "mode": "managed",
      "type": "aws_ecr_lifecycle_policy",
      "name": "service",
      "provider": "provider[\"registry.terraform.io/hashicorp/aws\"]",
      "instances": [
        {
          "schema_version": 0,
          "attributes": {
            "id": "zayo-poc/weather-api",
            "policy": "{\"rules\":[{\"action\":{\"type\":\"expire\"},\"description\":\"Keep last 20 images\",\"rulePriority\":1,\"selection\":{\"countNumber\":20,\"countType\":\"imageCountMoreThan\",\"tagStatus\":\"any\"}}]}",
            "registry_id": "501149494381",
            "repository": "zayo-poc/weather-api"
          },
          "sensitive_attributes": [],
          "identity_schema_version": 0,
          "private": "bnVsbA==",
          "dependencies": [
            "aws_ecr_repository.service"
          ]
        }
      ]
    },
    {
      "mode": "managed",
      "type": "aws_ecr_repository",
      "name": "service",
      "provider": "provider[\"registry.terraform.io/hashicorp/aws\"]",
      "instances": [
        {
          "schema_version": 0,
          "attributes": {
            "arn": "arn:aws:ecr:us-east-1:501149494381:repository/zayo-poc/weather-api",
            "encryption_configuration": [
              {
                "encryption_type": "AES256",
                "kms_key": ""
              }
            ],
            "force_delete": null,
            "id": "zayo-poc/weather-api",
            "image_scanning_configuration": [
              {
                "scan_on_push": true
              }
            ],
            "image_tag_mutability": "MUTABLE",
            "name": "zayo-poc/weather-api",
            "registry_id": "501149494381",
            "repository_url": "501149494381.dkr.ecr.us-east-1.amazonaws.com/zayo-poc/weather-api",
            "tags": {
              "CreatedBy": "zayo-idp-scaffolder",
              "Environment": "dev",
              "ManagedBy": "terraform",
              "Owner": "platform",
              "Service": "weather-api"
            },
            "tags_all": {
              "CreatedBy": "zayo-idp-scaffolder",
              "Environment": "dev",
              "ManagedBy": "terraform",
              "Owner": "platform",
              "Service": "weather-api"
            },
            "timeouts": null
          },
          "sensitive_attributes": [],
          "identity_schema_version": 0,
          "private": "eyJlMmJmYjczMC1lY2FhLTExZTYtOGY4OC0zNDM2M2JjN2M0YzAiOnsiZGVsZXRlIjoxMjAwMDAwMDAwMDAwfX0="
        }
      ]
    },
    {
      "mode": "managed",
      "type": "kubernetes_namespace",
      "name": "service",
      "provider": "provider[\"registry.terraform.io/hashicorp/kubernetes\"]",
      "instances": [
        {
          "schema_version": 0,
          "attributes": {
            "id": "weather-api",
            "metadata": [
              {
                "annotations": {
                  "zayo.com/description": "Weather API service - demo",
                  "zayo.com/owner-team": "platform",
                  "zayo.com/service": "weather-api"
                },
                "generate_name": "",
                "generation": 0,
                "labels": {
                  "app.kubernetes.io/managed-by": "terraform",
                  "app.kubernetes.io/name": "weather-api",
                  "zayo.com/environment": "dev",
                  "zayo.com/owner": "platform"
                },
                "name": "weather-api",
                "resource_version": "78845694",
                "uid": "d9479f39-e758-4007-98a1-13c05e024876"
              }
            ],
            "timeouts": null,
            "wait_for_default_service_account": false
          },
          "sensitive_attributes": [],
          "identity_schema_version": 1,
          "identity": {
            "api_version": "v1",
            "kind": "Namespace",
            "name": "weather-api"
          },
          "private": "eyJlMmJmYjczMC1lY2FhLTExZTYtOGY4OC0zNDM2M2JjN2M0YzAiOnsiZGVsZXRlIjozMDAwMDAwMDAwMDB9fQ==",
          "dependencies": [
            "data.aws_eks_cluster.cluster"
          ]
        }
      ]
    },
    {
      "mode": "managed",
      "type": "kubernetes_secret",
      "name": "ecr_pull",
      "provider": "provider[\"registry.terraform.io/hashicorp/kubernetes\"]",
      "instances": [
        {
          "schema_version": 0,
          "attributes": {
            "binary_data": null,
            "binary_data_wo": null,
            "binary_data_wo_revision": null,
            "data": {
              ".dockerconfigjson": "{\"auths\":{\"501149494381.dkr.ecr.us-east-1.amazonaws.com\":{\"auth\":\"QVdTOnBsYWNlaG9sZGVy\"}}}"
            },
            "data_wo": null,
            "data_wo_revision": null,
            "id": "weather-api/ecr-pull-secret",
            "immutable": false,
            "metadata": [
              {
                "annotations": null,
                "generate_name": "",
                "generation": 0,
                "labels": null,
                "name": "ecr-pull-secret",
                "namespace": "weather-api",
                "resource_version": "78845700",
                "uid": "f578ffbc-8595-4d4d-a5d0-77d71de9883e"
              }
            ],
            "timeouts": null,
            "type": "kubernetes.io/dockerconfigjson",
            "wait_for_service_account_token": true
          },
          "sensitive_attributes": [
            [
              {
                "type": "get_attr",
                "value": "binary_data"
              }
            ],
            [
              {
                "type": "get_attr",
                "value": "data"
              }
            ]
          ],
          "identity_schema_version": 1,
          "identity": {
            "api_version": "v1",
            "kind": "Secret",
            "name": "ecr-pull-secret",
            "namespace": "weather-api"
          },
          "private": "eyJlMmJmYjczMC1lY2FhLTExZTYtOGY4OC0zNDM2M2JjN2M0YzAiOnsiY3JlYXRlIjo2MDAwMDAwMDAwMH19",
          "dependencies": [
            "data.aws_eks_cluster.cluster",
            "kubernetes_namespace.service"
          ]
        }
      ]
    },
    {
      "mode": "managed",
      "type": "kubernetes_service_account",
      "name": "service",
      "provider": "provider[\"registry.terraform.io/hashicorp/kubernetes\"]",
      "instances": [
        {
          "schema_version": 0,
          "attributes": {
            "automount_service_account_token": true,
            "default_secret_name": "",
            "id": "weather-api/weather-api",
            "image_pull_secret": [],
            "metadata": [
              {
                "annotations": null,
                "generate_name": "",
                "generation": 0,
                "labels": {
                  "app.kubernetes.io/name": "weather-api"
                },
                "name": "weather-api",
                "namespace": "weather-api",
                "resource_version": "78845699",
                "uid": "9d4c6cf0-e936-4530-a95d-a7891f4f9710"
              }
            ],
            "secret": [],
            "timeouts": null
          },
          "sensitive_attributes": [],
          "identity_schema_version": 1,
          "identity": {
            "api_version": "v1",
            "kind": "ServiceAccount",
            "name": "weather-api",
            "namespace": "weather-api"
          },
          "private": "eyJlMmJmYjczMC1lY2FhLTExZTYtOGY4OC0zNDM2M2JjN2M0YzAiOnsiY3JlYXRlIjozMDAwMDAwMDAwMH19",
          "dependencies": [
            "data.aws_eks_cluster.cluster",
            "kubernetes_namespace.service"
          ]
        }
      ]
    },
    {
      "mode": "managed",
      "type": "null_resource",
      "name": "argocd_app",
      "provider": "provider[\"registry.terraform.io/hashicorp/null\"]",
      "instances": [
        {
          "schema_version": 0,
          "attributes": {
            "id": "2420320905731023486",
            "triggers": {
              "owner_team": "platform",
              "service_name": "weather-api"
            }
          },
          "sensitive_attributes": [],
          "identity_schema_version": 0,
          "dependencies": [
            "data.aws_eks_cluster.cluster",
            "kubernetes_namespace.service"
          ]
        }
      ]
    }
  ],
  "check_results": [
    {
      "object_kind": "var",
      "config_addr": "var.environment",
      "status": "pass",
      "objects": [
        {
          "object_addr": "var.environment",
          "status": "pass"
        }
      ]
    },
    {
      "object_kind": "var",
      "config_addr": "var.service_name",
      "status": "pass",
      "objects": [
        {
          "object_addr": "var.service_name",
          "status": "pass"
        }
      ]
    }
  ]
}
